
Microsoft Visual Studio Solution File, Format Version 12.00
# Visual Studio 15
VisualStudioVersion = 15.0.28307.539
MinimumVisualStudioVersion = 10.0.40219.1
Project("{8BC9CEB8-8B4A-11D0-8D11-00A0C91BC942}") = "mftenum", "mftenum\mftenum.vcxproj", "{F42CFCD9-CD1F-410E-867D-245A1E6E85F0}"
EndProject
Project("{2150E333-8FDC-42A3-9474-1A3956D46DE8}") = "Solution Items", "Solution Items", "{74EF27EA-18D6-49DE-B36E-052F364BCF2A}"
	ProjectSection(SolutionItems) = preProject
		mftenum.zip = mftenum.zip
	EndProjectSection
EndProject
Global
	GlobalSection(SolutionConfigurationPlatforms) = preSolution
		Debug|Win32 = Debug|Win32
		Release|Win32 = Release|Win32
	EndGlobalSection
	GlobalSection(ProjectConfigurationPlatforms) = postSolution
		{F42CFCD9-CD1F-410E-867D-245A1E6E85F0}.Debug|Win32.ActiveCfg = Debug|Win32
		{F42CFCD9-CD1F-410E-867D-245A1E6E85F0}.Debug|Win32.Build.0 = Debug|Win32
		{F42CFCD9-CD1F-410E-867D-245A1E6E85F0}.Release|Win32.ActiveCfg = Release|Win32
		{F42CFCD9-CD1F-410E-867D-245A1E6E85F0}.Release|Win32.Build.0 = Release|Win32
	EndGlobalSection
	GlobalSection(SolutionProperties) = preSolution
		HideSolutionNode = FALSE
	EndGlobalSection
	GlobalSection(ExtensibilityGlobals) = postSolution
		SolutionGuid = {BDCE2770-830D-43D5-94AB-64B2DD489304}
	EndGlobalSection
EndGlobal
