
Microsoft Visual Studio Solution File, Format Version 12.00
# Visual Studio 15
VisualStudioVersion = 15.0.28307.539
MinimumVisualStudioVersion = 10.0.40219.1
Project("{8BC9CEB8-8B4A-11D0-8D11-00A0C91BC942}") = "shellsort", "shellsort\shellsort.vcxproj", "{E5BF5F64-0A28-4B01-8028-1F14EBA2A2A7}"
EndProject
Project("{2150E333-8FDC-42A3-9474-1A3956D46DE8}") = "Solution Items", "Solution Items", "{375C13AA-F9AE-4A67-8DBF-D644F49FAD87}"
	ProjectSection(SolutionItems) = preProject
		shellsort.zip = shellsort.zip
	EndProjectSection
EndProject
Global
	GlobalSection(SolutionConfigurationPlatforms) = preSolution
		Debug|Win32 = Debug|Win32
		Release|Win32 = Release|Win32
	EndGlobalSection
	GlobalSection(ProjectConfigurationPlatforms) = postSolution
		{E5BF5F64-0A28-4B01-8028-1F14EBA2A2A7}.Debug|Win32.ActiveCfg = Debug|Win32
		{E5BF5F64-0A28-4B01-8028-1F14EBA2A2A7}.Debug|Win32.Build.0 = Debug|Win32
		{E5BF5F64-0A28-4B01-8028-1F14EBA2A2A7}.Release|Win32.ActiveCfg = Release|Win32
		{E5BF5F64-0A28-4B01-8028-1F14EBA2A2A7}.Release|Win32.Build.0 = Release|Win32
	EndGlobalSection
	GlobalSection(SolutionProperties) = preSolution
		HideSolutionNode = FALSE
	EndGlobalSection
	GlobalSection(ExtensibilityGlobals) = postSolution
		SolutionGuid = {3A1631AF-AFF1-4C53-BEE1-1E55929A7D61}
	EndGlobalSection
EndGlobal
