
Microsoft Visual Studio Solution File, Format Version 12.00
# Visual Studio 15
VisualStudioVersion = 15.0.28307.539
MinimumVisualStudioVersion = 10.0.40219.1
Project("{8BC9CEB8-8B4A-11D0-8D11-00A0C91BC942}") = "shellproperty", "shellproperty\shellproperty.vcxproj", "{859B10FC-8B17-417A-9EEB-67AA7F1C7BC2}"
EndProject
Project("{2150E333-8FDC-42A3-9474-1A3956D46DE8}") = "Solution Items", "Solution Items", "{B8F07858-8CB0-4E18-B4F2-E709103B0BE9}"
	ProjectSection(SolutionItems) = preProject
		shellproperty.zip = shellproperty.zip
	EndProjectSection
EndProject
Global
	GlobalSection(SolutionConfigurationPlatforms) = preSolution
		Debug|Win32 = Debug|Win32
		Release|Win32 = Release|Win32
	EndGlobalSection
	GlobalSection(ProjectConfigurationPlatforms) = postSolution
		{859B10FC-8B17-417A-9EEB-67AA7F1C7BC2}.Debug|Win32.ActiveCfg = Debug|Win32
		{859B10FC-8B17-417A-9EEB-67AA7F1C7BC2}.Debug|Win32.Build.0 = Debug|Win32
		{859B10FC-8B17-417A-9EEB-67AA7F1C7BC2}.Release|Win32.ActiveCfg = Release|Win32
		{859B10FC-8B17-417A-9EEB-67AA7F1C7BC2}.Release|Win32.Build.0 = Release|Win32
	EndGlobalSection
	GlobalSection(SolutionProperties) = preSolution
		HideSolutionNode = FALSE
	EndGlobalSection
	GlobalSection(ExtensibilityGlobals) = postSolution
		SolutionGuid = {DD9D9956-E364-4960-9624-985D386B3BAE}
	EndGlobalSection
EndGlobal
