
Microsoft Visual Studio Solution File, Format Version 12.00
# Visual Studio Version 16
VisualStudioVersion = 16.0.30611.23
MinimumVisualStudioVersion = 10.0.40219.1
Project("{2150E333-8FDC-42A3-9474-1A3956D46DE8}") = "Solution Items", "Solution Items", "{21B49E8C-A0C0-4437-B64D-6FDFF8D42A99}"
	ProjectSection(SolutionItems) = preProject
		FileVersionInfo.ps1 = FileVersionInfo.ps1
	EndProjectSection
EndProject
Global
	GlobalSection(SolutionProperties) = preSolution
		HideSolutionNode = FALSE
	EndGlobalSection
	GlobalSection(ExtensibilityGlobals) = postSolution
		SolutionGuid = {E3DC77B3-387A-4866-B003-150FD070453F}
	EndGlobalSection
EndGlobal
