
Microsoft Visual Studio Solution File, Format Version 12.00
# Visual Studio Version 17
VisualStudioVersion = 17.4.33122.133
MinimumVisualStudioVersion = 10.0.40219.1
Project("{2150E333-8FDC-42A3-9474-1A3956D46DE8}") = "Solution Items", "Solution Items", "{EB925828-BA81-4ECB-A890-AF977AA95FA3}"
	ProjectSection(SolutionItems) = preProject
		add-movetoposition.ps1 = add-movetoposition.ps1
		Forsyth-Edwards.psm1 = Forsyth-Edwards.psm1
		query-openingdatabase.ps1 = query-openingdatabase.ps1
		show-position.ps1 = show-position.ps1
		test-addmovetoposition.ps1 = test-addmovetoposition.ps1
		test-removecastlingoptions.ps1 = test-removecastlingoptions.ps1
		testcases-add-movetoposition.csv = testcases-add-movetoposition.csv
		testcases-remove-castlingoptions.csv = testcases-remove-castlingoptions.csv
	EndProjectSection
EndProject
Global
	GlobalSection(SolutionProperties) = preSolution
		HideSolutionNode = FALSE
	EndGlobalSection
	GlobalSection(ExtensibilityGlobals) = postSolution
		SolutionGuid = {4498A16E-2A9D-42E6-A666-4F3085F22BAC}
	EndGlobalSection
EndGlobal
