
Microsoft Visual Studio Solution File, Format Version 12.00
# Visual Studio 15
VisualStudioVersion = 15.0.28307.539
MinimumVisualStudioVersion = 10.0.40219.1
Project("{8BC9CEB8-8B4A-11D0-8D11-00A0C91BC942}") = "rects", "rects\rects.vcxproj", "{3EEC1BDD-8C5A-4B7E-A82D-E338C1F3C1E2}"
EndProject
Project("{2150E333-8FDC-42A3-9474-1A3956D46DE8}") = "Solution Items", "Solution Items", "{C3882172-FA38-4B0A-84AC-41B1CE52F235}"
	ProjectSection(SolutionItems) = preProject
		rects.zip = rects.zip
	EndProjectSection
EndProject
Global
	GlobalSection(SolutionConfigurationPlatforms) = preSolution
		Debug|Win32 = Debug|Win32
		Release|Win32 = Release|Win32
	EndGlobalSection
	GlobalSection(ProjectConfigurationPlatforms) = postSolution
		{3EEC1BDD-8C5A-4B7E-A82D-E338C1F3C1E2}.Debug|Win32.ActiveCfg = Debug|Win32
		{3EEC1BDD-8C5A-4B7E-A82D-E338C1F3C1E2}.Debug|Win32.Build.0 = Debug|Win32
		{3EEC1BDD-8C5A-4B7E-A82D-E338C1F3C1E2}.Release|Win32.ActiveCfg = Release|Win32
		{3EEC1BDD-8C5A-4B7E-A82D-E338C1F3C1E2}.Release|Win32.Build.0 = Release|Win32
	EndGlobalSection
	GlobalSection(SolutionProperties) = preSolution
		HideSolutionNode = FALSE
	EndGlobalSection
	GlobalSection(ExtensibilityGlobals) = postSolution
		SolutionGuid = {A53C9708-6788-4BF7-9C5B-198C44BD89F4}
	EndGlobalSection
EndGlobal
