
Microsoft Visual Studio Solution File, Format Version 12.00
# Visual Studio 15
VisualStudioVersion = 15.0.28307.539
MinimumVisualStudioVersion = 10.0.40219.1
Project("{8BC9CEB8-8B4A-11D0-8D11-00A0C91BC942}") = "beep", "beep\beep.vcxproj", "{247D397B-20ED-4D4C-BDAF-B6B54B7BA513}"
EndProject
Project("{2150E333-8FDC-42A3-9474-1A3956D46DE8}") = "Solution Items", "Solution Items", "{1CD5E0B0-CB67-41CE-A206-FED3698EC662}"
	ProjectSection(SolutionItems) = preProject
		beep.zip = beep.zip
	EndProjectSection
EndProject
Global
	GlobalSection(SolutionConfigurationPlatforms) = preSolution
		Debug|Win32 = Debug|Win32
		Release|Win32 = Release|Win32
	EndGlobalSection
	GlobalSection(ProjectConfigurationPlatforms) = postSolution
		{247D397B-20ED-4D4C-BDAF-B6B54B7BA513}.Debug|Win32.ActiveCfg = Debug|Win32
		{247D397B-20ED-4D4C-BDAF-B6B54B7BA513}.Debug|Win32.Build.0 = Debug|Win32
		{247D397B-20ED-4D4C-BDAF-B6B54B7BA513}.Release|Win32.ActiveCfg = Release|Win32
		{247D397B-20ED-4D4C-BDAF-B6B54B7BA513}.Release|Win32.Build.0 = Release|Win32
	EndGlobalSection
	GlobalSection(SolutionProperties) = preSolution
		HideSolutionNode = FALSE
	EndGlobalSection
	GlobalSection(ExtensibilityGlobals) = postSolution
		SolutionGuid = {8B105269-019B-47EB-BE55-40F62A0BDD98}
	EndGlobalSection
EndGlobal
