
Microsoft Visual Studio Solution File, Format Version 12.00
# Visual Studio 15
VisualStudioVersion = 15.0.28307.539
MinimumVisualStudioVersion = 10.0.40219.1
Project("{8BC9CEB8-8B4A-11D0-8D11-00A0C91BC942}") = "mute-all-outputs", "mute-all-outputs\mute-all-outputs.vcxproj", "{FF5BF861-C5AE-48AE-9C6C-E1F958007101}"
EndProject
Project("{2150E333-8FDC-42A3-9474-1A3956D46DE8}") = "Solution Items", "Solution Items", "{4B4AAC22-60C4-4038-9A2E-3DB333795608}"
	ProjectSection(SolutionItems) = preProject
		mute-all-outputs.zip = mute-all-outputs.zip
	EndProjectSection
EndProject
Global
	GlobalSection(SolutionConfigurationPlatforms) = preSolution
		Debug|Win32 = Debug|Win32
		Release|Win32 = Release|Win32
	EndGlobalSection
	GlobalSection(ProjectConfigurationPlatforms) = postSolution
		{FF5BF861-C5AE-48AE-9C6C-E1F958007101}.Debug|Win32.ActiveCfg = Debug|Win32
		{FF5BF861-C5AE-48AE-9C6C-E1F958007101}.Debug|Win32.Build.0 = Debug|Win32
		{FF5BF861-C5AE-48AE-9C6C-E1F958007101}.Release|Win32.ActiveCfg = Release|Win32
		{FF5BF861-C5AE-48AE-9C6C-E1F958007101}.Release|Win32.Build.0 = Release|Win32
	EndGlobalSection
	GlobalSection(SolutionProperties) = preSolution
		HideSolutionNode = FALSE
	EndGlobalSection
	GlobalSection(ExtensibilityGlobals) = postSolution
		SolutionGuid = {08A24579-02A2-4B9C-9B6F-8B3941102A7E}
	EndGlobalSection
EndGlobal
