
Microsoft Visual Studio Solution File, Format Version 12.00
# Visual Studio 15
VisualStudioVersion = 15.0.28307.539
MinimumVisualStudioVersion = 10.0.40219.1
Project("{8BC9CEB8-8B4A-11D0-8D11-00A0C91BC942}") = "loopback-capture", "loopback-capture\loopback-capture.vcxproj", "{D5E40402-40F8-4CA2-AAA0-9A145F804F63}"
EndProject
Project("{2150E333-8FDC-42A3-9474-1A3956D46DE8}") = "Solution Items", "Solution Items", "{24F61BC5-7011-4028-96FC-7A1C6D639C2B}"
	ProjectSection(SolutionItems) = preProject
		loopback-capture.zip = loopback-capture.zip
	EndProjectSection
EndProject
Global
	GlobalSection(SolutionConfigurationPlatforms) = preSolution
		Debug|Win32 = Debug|Win32
		Release|Win32 = Release|Win32
	EndGlobalSection
	GlobalSection(ProjectConfigurationPlatforms) = postSolution
		{D5E40402-40F8-4CA2-AAA0-9A145F804F63}.Debug|Win32.ActiveCfg = Debug|Win32
		{D5E40402-40F8-4CA2-AAA0-9A145F804F63}.Debug|Win32.Build.0 = Debug|Win32
		{D5E40402-40F8-4CA2-AAA0-9A145F804F63}.Release|Win32.ActiveCfg = Release|Win32
		{D5E40402-40F8-4CA2-AAA0-9A145F804F63}.Release|Win32.Build.0 = Release|Win32
	EndGlobalSection
	GlobalSection(SolutionProperties) = preSolution
		HideSolutionNode = FALSE
	EndGlobalSection
	GlobalSection(ExtensibilityGlobals) = postSolution
		SolutionGuid = {C52DFD44-D1F9-48D5-966F-B460D7641C88}
	EndGlobalSection
EndGlobal
