
Microsoft Visual Studio Solution File, Format Version 12.00
# Visual Studio 15
VisualStudioVersion = 15.0.28307.539
MinimumVisualStudioVersion = 10.0.40219.1
Project("{8BC9CEB8-8B4A-11D0-8D11-00A0C91BC942}") = "swapmonitors", "swapmonitors\swapmonitors.vcxproj", "{6D45EC71-DD4E-4E0E-B755-4BD62662FEC0}"
EndProject
Project("{2150E333-8FDC-42A3-9474-1A3956D46DE8}") = "Solution Items", "Solution Items", "{8AE3D6D1-CDF9-47CF-867A-5A19BB1089D7}"
	ProjectSection(SolutionItems) = preProject
		swapmonitors.zip = swapmonitors.zip
	EndProjectSection
EndProject
Global
	GlobalSection(SolutionConfigurationPlatforms) = preSolution
		Debug|Win32 = Debug|Win32
		Release|Win32 = Release|Win32
	EndGlobalSection
	GlobalSection(ProjectConfigurationPlatforms) = postSolution
		{6D45EC71-DD4E-4E0E-B755-4BD62662FEC0}.Debug|Win32.ActiveCfg = Debug|Win32
		{6D45EC71-DD4E-4E0E-B755-4BD62662FEC0}.Debug|Win32.Build.0 = Debug|Win32
		{6D45EC71-DD4E-4E0E-B755-4BD62662FEC0}.Release|Win32.ActiveCfg = Release|Win32
		{6D45EC71-DD4E-4E0E-B755-4BD62662FEC0}.Release|Win32.Build.0 = Release|Win32
	EndGlobalSection
	GlobalSection(SolutionProperties) = preSolution
		HideSolutionNode = FALSE
	EndGlobalSection
	GlobalSection(ExtensibilityGlobals) = postSolution
		SolutionGuid = {E1925AE0-ABEB-46A8-BB88-DD54C0738225}
	EndGlobalSection
EndGlobal
