
Microsoft Visual Studio Solution File, Format Version 12.00
# Visual Studio 15
VisualStudioVersion = 15.0.28307.539
MinimumVisualStudioVersion = 10.0.40219.1
Project("{8BC9CEB8-8B4A-11D0-8D11-00A0C91BC942}") = "apoenum", "apoenum\apoenum.vcxproj", "{DFA34C7A-EE2B-4650-AC76-7ACE27D94373}"
EndProject
Project("{2150E333-8FDC-42A3-9474-1A3956D46DE8}") = "Solution Items", "Solution Items", "{013B779B-C040-4051-9084-5F381E826E5E}"
	ProjectSection(SolutionItems) = preProject
		apoenum.zip = apoenum.zip
	EndProjectSection
EndProject
Global
	GlobalSection(SolutionConfigurationPlatforms) = preSolution
		Debug|Win32 = Debug|Win32
		Release|Win32 = Release|Win32
	EndGlobalSection
	GlobalSection(ProjectConfigurationPlatforms) = postSolution
		{DFA34C7A-EE2B-4650-AC76-7ACE27D94373}.Debug|Win32.ActiveCfg = Debug|Win32
		{DFA34C7A-EE2B-4650-AC76-7ACE27D94373}.Debug|Win32.Build.0 = Debug|Win32
		{DFA34C7A-EE2B-4650-AC76-7ACE27D94373}.Release|Win32.ActiveCfg = Release|Win32
		{DFA34C7A-EE2B-4650-AC76-7ACE27D94373}.Release|Win32.Build.0 = Release|Win32
	EndGlobalSection
	GlobalSection(SolutionProperties) = preSolution
		HideSolutionNode = FALSE
	EndGlobalSection
	GlobalSection(ExtensibilityGlobals) = postSolution
		SolutionGuid = {AEEBE9E7-7D61-45F8-9749-F55A578E9FD5}
	EndGlobalSection
EndGlobal
