
Microsoft Visual Studio Solution File, Format Version 12.00
# Visual Studio 15
VisualStudioVersion = 15.0.28307.539
MinimumVisualStudioVersion = 10.0.40219.1
Project("{8BC9CEB8-8B4A-11D0-8D11-00A0C91BC942}") = "defaultaudiodevice", "defaultaudiodevice\defaultaudiodevice.vcxproj", "{7939AAA0-90D3-413F-9AC8-D06413EE6371}"
EndProject
Project("{2150E333-8FDC-42A3-9474-1A3956D46DE8}") = "Solution Items", "Solution Items", "{FDADED7B-C0BE-4821-B892-AF97329B9BFC}"
	ProjectSection(SolutionItems) = preProject
		defaultaudiodevice.zip = defaultaudiodevice.zip
	EndProjectSection
EndProject
Global
	GlobalSection(SolutionConfigurationPlatforms) = preSolution
		Debug|Win32 = Debug|Win32
		Release|Win32 = Release|Win32
	EndGlobalSection
	GlobalSection(ProjectConfigurationPlatforms) = postSolution
		{7939AAA0-90D3-413F-9AC8-D06413EE6371}.Debug|Win32.ActiveCfg = Debug|Win32
		{7939AAA0-90D3-413F-9AC8-D06413EE6371}.Debug|Win32.Build.0 = Debug|Win32
		{7939AAA0-90D3-413F-9AC8-D06413EE6371}.Release|Win32.ActiveCfg = Release|Win32
		{7939AAA0-90D3-413F-9AC8-D06413EE6371}.Release|Win32.Build.0 = Release|Win32
	EndGlobalSection
	GlobalSection(SolutionProperties) = preSolution
		HideSolutionNode = FALSE
	EndGlobalSection
	GlobalSection(ExtensibilityGlobals) = postSolution
		SolutionGuid = {88640B67-D8E7-41E2-92ED-B33733E201FD}
	EndGlobalSection
EndGlobal
