
Microsoft Visual Studio Solution File, Format Version 12.00
# Visual Studio 15
VisualStudioVersion = 15.0.28307.539
MinimumVisualStudioVersion = 10.0.40219.1
Project("{8BC9CEB8-8B4A-11D0-8D11-00A0C91BC942}") = "devicetopology", "devicetopology\devicetopology.vcxproj", "{64D54693-CB5E-4F29-944E-BAEF9C36C05E}"
EndProject
Project("{2150E333-8FDC-42A3-9474-1A3956D46DE8}") = "Solution Items", "Solution Items", "{B6748AEB-E3F0-46D8-B474-0FB987E2304B}"
	ProjectSection(SolutionItems) = preProject
		devicetopology.zip = devicetopology.zip
	EndProjectSection
EndProject
Global
	GlobalSection(SolutionConfigurationPlatforms) = preSolution
		Debug|Win32 = Debug|Win32
		Release|Win32 = Release|Win32
	EndGlobalSection
	GlobalSection(ProjectConfigurationPlatforms) = postSolution
		{64D54693-CB5E-4F29-944E-BAEF9C36C05E}.Debug|Win32.ActiveCfg = Debug|Win32
		{64D54693-CB5E-4F29-944E-BAEF9C36C05E}.Debug|Win32.Build.0 = Debug|Win32
		{64D54693-CB5E-4F29-944E-BAEF9C36C05E}.Release|Win32.ActiveCfg = Release|Win32
		{64D54693-CB5E-4F29-944E-BAEF9C36C05E}.Release|Win32.Build.0 = Release|Win32
	EndGlobalSection
	GlobalSection(SolutionProperties) = preSolution
		HideSolutionNode = FALSE
	EndGlobalSection
	GlobalSection(ExtensibilityGlobals) = postSolution
		SolutionGuid = {91466C39-8B68-4EDF-AC33-6C7AB88DC5CB}
	EndGlobalSection
EndGlobal
