
Microsoft Visual Studio Solution File, Format Version 12.00
# Visual Studio 14
VisualStudioVersion = 14.0.24720.0
MinimumVisualStudioVersion = 10.0.40219.1
Project("{2150E333-8FDC-42A3-9474-1A3956D46DE8}") = "Solution Items", "Solution Items", "{6CBD1270-9093-491C-B801-16CC933C46D8}"
	ProjectSection(SolutionItems) = preProject
		decrypt.pl = decrypt.pl
		encrypt.pl = encrypt.pl
		lagrange-interpolation.pl = lagrange-interpolation.pl
		polynomial-sieve.pl = polynomial-sieve.pl
		s-box.pl = s-box.pl
	EndProjectSection
EndProject
Global
	GlobalSection(SolutionProperties) = preSolution
		HideSolutionNode = FALSE
	EndGlobalSection
EndGlobal
