
Microsoft Visual Studio Solution File, Format Version 12.00
# Visual Studio 15
VisualStudioVersion = 15.0.28307.539
MinimumVisualStudioVersion = 10.0.40219.1
Project("{8BC9CEB8-8B4A-11D0-8D11-00A0C91BC942}") = "speech-attributes", "speech-attributes\speech-attributes.vcxproj", "{24EAE95E-EB04-4C2B-A97F-01B2A7A7E126}"
EndProject
Project("{2150E333-8FDC-42A3-9474-1A3956D46DE8}") = "Solution Items", "Solution Items", "{40113113-C17C-4636-9C02-0EFB282601E7}"
	ProjectSection(SolutionItems) = preProject
		speech-attributes.zip = speech-attributes.zip
	EndProjectSection
EndProject
Global
	GlobalSection(SolutionConfigurationPlatforms) = preSolution
		Debug|Win32 = Debug|Win32
		Release|Win32 = Release|Win32
	EndGlobalSection
	GlobalSection(ProjectConfigurationPlatforms) = postSolution
		{24EAE95E-EB04-4C2B-A97F-01B2A7A7E126}.Debug|Win32.ActiveCfg = Debug|Win32
		{24EAE95E-EB04-4C2B-A97F-01B2A7A7E126}.Debug|Win32.Build.0 = Debug|Win32
		{24EAE95E-EB04-4C2B-A97F-01B2A7A7E126}.Release|Win32.ActiveCfg = Release|Win32
		{24EAE95E-EB04-4C2B-A97F-01B2A7A7E126}.Release|Win32.Build.0 = Release|Win32
	EndGlobalSection
	GlobalSection(SolutionProperties) = preSolution
		HideSolutionNode = FALSE
	EndGlobalSection
	GlobalSection(ExtensibilityGlobals) = postSolution
		SolutionGuid = {5D4F79A7-8F99-4CCD-BB97-0AAD56E2CEA4}
	EndGlobalSection
EndGlobal
