
Microsoft Visual Studio Solution File, Format Version 12.00
# Visual Studio Version 17
VisualStudioVersion = 17.2.32630.192
MinimumVisualStudioVersion = 10.0.40219.1
Project("{8BC9CEB8-8B4A-11D0-8D11-00A0C91BC942}") = "DirectSoundEnumerate", "DirectSoundEnumerate\DirectSoundEnumerate.vcxproj", "{23CB9FB4-0F01-4459-8C7B-C6A4AA1A28B0}"
EndProject
Project("{8BC9CEB8-8B4A-11D0-8D11-00A0C91BC942}") = "DirectSoundCreate", "DirectSoundCreate\DirectSoundCreate.vcxproj", "{F7F3BA2F-6A71-4438-9AB4-DA5E1EB54387}"
EndProject
Project("{8BC9CEB8-8B4A-11D0-8D11-00A0C91BC942}") = "DirectSoundFullDuplexCreate", "DirectSoundFullDuplexCreate\DirectSoundFullDuplexCreate.vcxproj", "{3A01C9EC-4696-4EB3-B131-CF02427E02A2}"
EndProject
Global
	GlobalSection(SolutionConfigurationPlatforms) = preSolution
		Debug|x64 = Debug|x64
		Debug|x86 = Debug|x86
		Release|x64 = Release|x64
		Release|x86 = Release|x86
	EndGlobalSection
	GlobalSection(ProjectConfigurationPlatforms) = postSolution
		{23CB9FB4-0F01-4459-8C7B-C6A4AA1A28B0}.Debug|x64.ActiveCfg = Debug|x64
		{23CB9FB4-0F01-4459-8C7B-C6A4AA1A28B0}.Debug|x64.Build.0 = Debug|x64
		{23CB9FB4-0F01-4459-8C7B-C6A4AA1A28B0}.Debug|x86.ActiveCfg = Debug|Win32
		{23CB9FB4-0F01-4459-8C7B-C6A4AA1A28B0}.Debug|x86.Build.0 = Debug|Win32
		{23CB9FB4-0F01-4459-8C7B-C6A4AA1A28B0}.Release|x64.ActiveCfg = Release|x64
		{23CB9FB4-0F01-4459-8C7B-C6A4AA1A28B0}.Release|x64.Build.0 = Release|x64
		{23CB9FB4-0F01-4459-8C7B-C6A4AA1A28B0}.Release|x86.ActiveCfg = Release|Win32
		{23CB9FB4-0F01-4459-8C7B-C6A4AA1A28B0}.Release|x86.Build.0 = Release|Win32
		{F7F3BA2F-6A71-4438-9AB4-DA5E1EB54387}.Debug|x64.ActiveCfg = Debug|x64
		{F7F3BA2F-6A71-4438-9AB4-DA5E1EB54387}.Debug|x64.Build.0 = Debug|x64
		{F7F3BA2F-6A71-4438-9AB4-DA5E1EB54387}.Debug|x86.ActiveCfg = Debug|Win32
		{F7F3BA2F-6A71-4438-9AB4-DA5E1EB54387}.Debug|x86.Build.0 = Debug|Win32
		{F7F3BA2F-6A71-4438-9AB4-DA5E1EB54387}.Release|x64.ActiveCfg = Release|x64
		{F7F3BA2F-6A71-4438-9AB4-DA5E1EB54387}.Release|x64.Build.0 = Release|x64
		{F7F3BA2F-6A71-4438-9AB4-DA5E1EB54387}.Release|x86.ActiveCfg = Release|Win32
		{F7F3BA2F-6A71-4438-9AB4-DA5E1EB54387}.Release|x86.Build.0 = Release|Win32
		{3A01C9EC-4696-4EB3-B131-CF02427E02A2}.Debug|x64.ActiveCfg = Debug|x64
		{3A01C9EC-4696-4EB3-B131-CF02427E02A2}.Debug|x64.Build.0 = Debug|x64
		{3A01C9EC-4696-4EB3-B131-CF02427E02A2}.Debug|x86.ActiveCfg = Debug|Win32
		{3A01C9EC-4696-4EB3-B131-CF02427E02A2}.Debug|x86.Build.0 = Debug|Win32
		{3A01C9EC-4696-4EB3-B131-CF02427E02A2}.Release|x64.ActiveCfg = Release|x64
		{3A01C9EC-4696-4EB3-B131-CF02427E02A2}.Release|x64.Build.0 = Release|x64
		{3A01C9EC-4696-4EB3-B131-CF02427E02A2}.Release|x86.ActiveCfg = Release|Win32
		{3A01C9EC-4696-4EB3-B131-CF02427E02A2}.Release|x86.Build.0 = Release|Win32
	EndGlobalSection
	GlobalSection(SolutionProperties) = preSolution
		HideSolutionNode = FALSE
	EndGlobalSection
	GlobalSection(ExtensibilityGlobals) = postSolution
		SolutionGuid = {30941373-8C26-4142-B42A-2B0695AF5610}
	EndGlobalSection
EndGlobal
