
Microsoft Visual Studio Solution File, Format Version 12.00
# Visual Studio Version 17
VisualStudioVersion = 17.10.34916.146
MinimumVisualStudioVersion = 10.0.40219.1
Project("{2150E333-8FDC-42A3-9474-1A3956D46DE8}") = "Solution Items", "Solution Items", "{083BE7DA-19FC-4DFB-96DF-EF329A0E6E62}"
	ProjectSection(SolutionItems) = preProject
		regex-number.ps1 = regex-number.ps1
	EndProjectSection
EndProject
Global
	GlobalSection(SolutionProperties) = preSolution
		HideSolutionNode = FALSE
	EndGlobalSection
	GlobalSection(ExtensibilityGlobals) = postSolution
		SolutionGuid = {62C8BE05-BE68-415C-84BF-6E81DBA12DDC}
	EndGlobalSection
EndGlobal
