
Microsoft Visual Studio Solution File, Format Version 12.00
# Visual Studio 14
VisualStudioVersion = 14.0.23107.0
MinimumVisualStudioVersion = 10.0.40219.1
Project("{2150E333-8FDC-42A3-9474-1A3956D46DE8}") = "Solution Items", "Solution Items", "{8AE26B6C-CE95-454B-9C5F-E5E02C66A439}"
	ProjectSection(SolutionItems) = preProject
		7zip.bat = 7zip.bat
		7zip.ps1 = 7zip.ps1
		_everything.bat = _everything.bat
		activestate-perl.bat = activestate-perl.bat
		activestate-perl.ps1 = activestate-perl.ps1
		codeflow.bat = codeflow.bat
		debugger.bat = debugger.bat
		diagtrack-scenario-editor.bat = diagtrack-scenario-editor.bat
		media-experience-analyzer.bat = media-experience-analyzer.bat
		office-2016-config.xml = office-2016-config.xml
		office-2016.bat = office-2016.bat
		phone-latest-branch.bat = phone-latest-branch.bat
		project-my-phone-screen.bat = project-my-phone-screen.bat
		project-my-phone-screen.ps1 = project-my-phone-screen.ps1
		research-v2.bat = research-v2.bat
		scope-studio.bat = scope-studio.bat
		scope-studio.ps1 = scope-studio.ps1
		shares.bat = shares.bat
		source-depot.bat = source-depot.bat
		visual-studio-community-2015.bat = visual-studio-community-2015.bat
		visual-studio-community-2015.ps1 = visual-studio-community-2015.ps1
		windows-latest-branch.bat = windows-latest-branch.bat
		windows-performance-tools.bat = windows-performance-tools.bat
		windows-performance-tools.ps1 = windows-performance-tools.ps1
		wpshift.bat = wpshift.bat
	EndProjectSection
EndProject
Global
	GlobalSection(SolutionProperties) = preSolution
		HideSolutionNode = FALSE
	EndGlobalSection
EndGlobal
