
Microsoft Visual Studio Solution File, Format Version 12.00
# Visual Studio 15
VisualStudioVersion = 15.0.26403.7
MinimumVisualStudioVersion = 10.0.40219.1
Project("{2150E333-8FDC-42A3-9474-1A3956D46DE8}") = "Solution Items", "Solution Items", "{8AE26B6C-CE95-454B-9C5F-E5E02C66A439}"
	ProjectSection(SolutionItems) = preProject
		7zip.bat = 7zip.bat
		7zip.ps1 = 7zip.ps1
		_everything.bat = _everything.bat
		activestate-perl.ps1 = activestate-perl.ps1
		babaschess.bat = babaschess.bat
		babaschess.ps1 = babaschess.ps1
		copy-music.bat = copy-music.bat
		debugger.bat = debugger.bat
		diagtrack-scenario-editor.bat = diagtrack-scenario-editor.bat
		enlist-windows.bat = enlist-windows.bat
		google-chrome.bat = google-chrome.bat
		google-chrome.ps1 = google-chrome.ps1
		phone-latest-branch.bat = phone-latest-branch.bat
		project-my-phone-screen.bat = project-my-phone-screen.bat
		project-my-phone-screen.ps1 = project-my-phone-screen.ps1
		research-v2.bat = research-v2.bat
		shares.bat = shares.bat
		visual-studio-community-2017.bat = visual-studio-community-2017.bat
		visual-studio-community-2017.ps1 = visual-studio-community-2017.ps1
		vlc-player.bat = vlc-player.bat
		vlc-player.ps1 = vlc-player.ps1
		windows-latest-branch.bat = windows-latest-branch.bat
		windows-sdk-and-performance-tools.bat = windows-sdk-and-performance-tools.bat
		windows-sdk-and-performance-tools.ps1 = windows-sdk-and-performance-tools.ps1
		wpshift.bat = wpshift.bat
	EndProjectSection
EndProject
Global
	GlobalSection(SolutionProperties) = preSolution
		HideSolutionNode = FALSE
	EndGlobalSection
EndGlobal
