
Microsoft Visual Studio Solution File, Format Version 12.00
# Visual Studio 15
VisualStudioVersion = 15.0.28307.539
MinimumVisualStudioVersion = 10.0.40219.1
Project("{8BC9CEB8-8B4A-11D0-8D11-00A0C91BC942}") = "silence", "silence\silence.vcxproj", "{90293A38-4CB7-4A6F-AAE9-ABE58777EE13}"
EndProject
Project("{2150E333-8FDC-42A3-9474-1A3956D46DE8}") = "Solution Items", "Solution Items", "{1307E05F-E542-4952-9F8C-564FA8C28441}"
	ProjectSection(SolutionItems) = preProject
		silence.zip = silence.zip
	EndProjectSection
EndProject
Global
	GlobalSection(SolutionConfigurationPlatforms) = preSolution
		Debug|Win32 = Debug|Win32
		Release|Win32 = Release|Win32
	EndGlobalSection
	GlobalSection(ProjectConfigurationPlatforms) = postSolution
		{90293A38-4CB7-4A6F-AAE9-ABE58777EE13}.Debug|Win32.ActiveCfg = Debug|Win32
		{90293A38-4CB7-4A6F-AAE9-ABE58777EE13}.Debug|Win32.Build.0 = Debug|Win32
		{90293A38-4CB7-4A6F-AAE9-ABE58777EE13}.Release|Win32.ActiveCfg = Release|Win32
		{90293A38-4CB7-4A6F-AAE9-ABE58777EE13}.Release|Win32.Build.0 = Release|Win32
	EndGlobalSection
	GlobalSection(SolutionProperties) = preSolution
		HideSolutionNode = FALSE
	EndGlobalSection
	GlobalSection(ExtensibilityGlobals) = postSolution
		SolutionGuid = {E3A8D512-C340-4758-B36F-88AC02D6F7C0}
	EndGlobalSection
EndGlobal
