
Microsoft Visual Studio Solution File, Format Version 12.00
# Visual Studio 15
VisualStudioVersion = 15.0.28307.539
MinimumVisualStudioVersion = 10.0.40219.1
Project("{8BC9CEB8-8B4A-11D0-8D11-00A0C91BC942}") = "screengrab", "screengrab\screengrab.vcxproj", "{3659CAD8-AB9D-4D7D-BF17-64612983CC48}"
EndProject
Project("{2150E333-8FDC-42A3-9474-1A3956D46DE8}") = "Solution Items", "Solution Items", "{B38D7536-4450-4037-BAE9-684D70B330EB}"
	ProjectSection(SolutionItems) = preProject
		screengrab.zip = screengrab.zip
	EndProjectSection
EndProject
Global
	GlobalSection(SolutionConfigurationPlatforms) = preSolution
		Debug|Win32 = Debug|Win32
		Release|Win32 = Release|Win32
	EndGlobalSection
	GlobalSection(ProjectConfigurationPlatforms) = postSolution
		{3659CAD8-AB9D-4D7D-BF17-64612983CC48}.Debug|Win32.ActiveCfg = Debug|Win32
		{3659CAD8-AB9D-4D7D-BF17-64612983CC48}.Debug|Win32.Build.0 = Debug|Win32
		{3659CAD8-AB9D-4D7D-BF17-64612983CC48}.Release|Win32.ActiveCfg = Release|Win32
		{3659CAD8-AB9D-4D7D-BF17-64612983CC48}.Release|Win32.Build.0 = Release|Win32
	EndGlobalSection
	GlobalSection(SolutionProperties) = preSolution
		HideSolutionNode = FALSE
	EndGlobalSection
	GlobalSection(ExtensibilityGlobals) = postSolution
		SolutionGuid = {A0018508-7561-47F0-B817-7DC6F4030173}
	EndGlobalSection
EndGlobal
